PODS:
  - iOSChatSDK (0.0.3):
    - SDWebImage
  - SDWebImage (5.19.4):
    - SDWebImage/Core (= 5.19.4)
  - SDWebImage/Core (5.19.4)

DEPENDENCIES:
  - iOSChatSDK (from `../`)

SPEC REPOS:
  trunk:
    - SDWebImage

EXTERNAL SOURCES:
  iOSChatSDK:
    :path: "../"

SPEC CHECKSUMS:
  iOSChatSDK: 9dd330ebd0630a83a1c98aa79f76676214fbf45b
  SDWebImage: 066c47b573f408f18caa467d71deace7c0f8280d

PODFILE CHECKSUM: ebfc03dc2dea98abaef6b8a39424c911b291d2c6

COCOAPODS: 1.15.2
